
Microsoft Visual Studio Solution File, Format Version 12.00
# Visual Studio Version 16
VisualStudioVersion = 16.0.31424.327
MinimumVisualStudioVersion = 10.0.40219.1
Project("{2150E333-8FDC-42A3-9474-1A3956D46DE8}") = "test", "test", "{6CBFB403-F7E5-4782-A83C-A91651A55657}"
EndProject
Project("{2150E333-8FDC-42A3-9474-1A3956D46DE8}") = "src", "src", "{EB8FE7E2-E69F-4F4B-81AD-73D83ED49BF9}"
EndProject
Project("{9A19103F-16F7-4668-BE54-9A1E7A4F7556}") = "RoadStatus.Console", "src\RoadStatus.Console\RoadStatus.Console.csproj", "{CF10D12A-31E8-49E3-B78A-5058037ADAE1}"
EndProject
Project("{2150E333-8FDC-42A3-9474-1A3956D46DE8}") = "RoadStatus.Console", "RoadStatus.Console", "{DE4FD2A5-C2ED-4666-9C66-0CC8941115C0}"
EndProject
Project("{FAE04EC0-301F-11D3-BF4B-00C04F79EFBC}") = "RoadStatus.Service", "src\RoadStatus.Service\RoadStatus.Service.csproj", "{28D4C70C-5708-4ED3-8A6B-1D43AEEC365F}"
EndProject
Project("{2150E333-8FDC-42A3-9474-1A3956D46DE8}") = "RoadStatus.Service", "RoadStatus.Service", "{5DC4F11C-C38C-48D0-85B4-DCBFD49D5DFF}"
EndProject
Project("{FAE04EC0-301F-11D3-BF4B-00C04F79EFBC}") = "RoadStatus.EndToEndTests", "test\RoadStatus.EndToEndTests\RoadStatus.EndToEndTests.csproj", "{82BB5E4E-A9D4-4AC6-9E70-2B733282EADB}"
EndProject
Project("{2150E333-8FDC-42A3-9474-1A3956D46DE8}") = "RoadStatus.EndToEndTests", "RoadStatus.EndToEndTests", "{51C3EC4F-6797-49AE-9350-5557DD984DA8}"
EndProject
Project("{FAE04EC0-301F-11D3-BF4B-00C04F79EFBC}") = "RoadStatus.UnitTests", "test\RoadStatus.UnitTests\RoadStatus.UnitTests.csproj", "{61FB8F98-2891-421C-8202-5765CE249630}"
EndProject
Project("{2150E333-8FDC-42A3-9474-1A3956D46DE8}") = "RoadStatus.UnitTests", "RoadStatus.UnitTests", "{77E8BB08-ABB4-4A58-ADBC-1326CC67D67B}"
EndProject
Global
	GlobalSection(SolutionConfigurationPlatforms) = preSolution
		Debug|Any CPU = Debug|Any CPU
		Release|Any CPU = Release|Any CPU
	EndGlobalSection
	GlobalSection(ProjectConfigurationPlatforms) = postSolution
		{CF10D12A-31E8-49E3-B78A-5058037ADAE1}.Debug|Any CPU.ActiveCfg = Debug|Any CPU
		{CF10D12A-31E8-49E3-B78A-5058037ADAE1}.Debug|Any CPU.Build.0 = Debug|Any CPU
		{CF10D12A-31E8-49E3-B78A-5058037ADAE1}.Release|Any CPU.ActiveCfg = Release|Any CPU
		{CF10D12A-31E8-49E3-B78A-5058037ADAE1}.Release|Any CPU.Build.0 = Release|Any CPU
		{28D4C70C-5708-4ED3-8A6B-1D43AEEC365F}.Debug|Any CPU.ActiveCfg = Debug|Any CPU
		{28D4C70C-5708-4ED3-8A6B-1D43AEEC365F}.Debug|Any CPU.Build.0 = Debug|Any CPU
		{28D4C70C-5708-4ED3-8A6B-1D43AEEC365F}.Release|Any CPU.ActiveCfg = Release|Any CPU
		{28D4C70C-5708-4ED3-8A6B-1D43AEEC365F}.Release|Any CPU.Build.0 = Release|Any CPU
		{82BB5E4E-A9D4-4AC6-9E70-2B733282EADB}.Debug|Any CPU.ActiveCfg = Debug|Any CPU
		{82BB5E4E-A9D4-4AC6-9E70-2B733282EADB}.Debug|Any CPU.Build.0 = Debug|Any CPU
		{82BB5E4E-A9D4-4AC6-9E70-2B733282EADB}.Release|Any CPU.ActiveCfg = Release|Any CPU
		{82BB5E4E-A9D4-4AC6-9E70-2B733282EADB}.Release|Any CPU.Build.0 = Release|Any CPU
		{61FB8F98-2891-421C-8202-5765CE249630}.Debug|Any CPU.ActiveCfg = Debug|Any CPU
		{61FB8F98-2891-421C-8202-5765CE249630}.Debug|Any CPU.Build.0 = Debug|Any CPU
		{61FB8F98-2891-421C-8202-5765CE249630}.Release|Any CPU.ActiveCfg = Release|Any CPU
		{61FB8F98-2891-421C-8202-5765CE249630}.Release|Any CPU.Build.0 = Release|Any CPU
	EndGlobalSection
	GlobalSection(SolutionProperties) = preSolution
		HideSolutionNode = FALSE
	EndGlobalSection
	GlobalSection(NestedProjects) = preSolution
		{CF10D12A-31E8-49E3-B78A-5058037ADAE1} = {DE4FD2A5-C2ED-4666-9C66-0CC8941115C0}
		{DE4FD2A5-C2ED-4666-9C66-0CC8941115C0} = {EB8FE7E2-E69F-4F4B-81AD-73D83ED49BF9}
		{28D4C70C-5708-4ED3-8A6B-1D43AEEC365F} = {5DC4F11C-C38C-48D0-85B4-DCBFD49D5DFF}
		{5DC4F11C-C38C-48D0-85B4-DCBFD49D5DFF} = {EB8FE7E2-E69F-4F4B-81AD-73D83ED49BF9}
		{82BB5E4E-A9D4-4AC6-9E70-2B733282EADB} = {51C3EC4F-6797-49AE-9350-5557DD984DA8}
		{51C3EC4F-6797-49AE-9350-5557DD984DA8} = {6CBFB403-F7E5-4782-A83C-A91651A55657}
		{61FB8F98-2891-421C-8202-5765CE249630} = {77E8BB08-ABB4-4A58-ADBC-1326CC67D67B}
		{77E8BB08-ABB4-4A58-ADBC-1326CC67D67B} = {6CBFB403-F7E5-4782-A83C-A91651A55657}
	EndGlobalSection
	GlobalSection(ExtensibilityGlobals) = postSolution
		SolutionGuid = {5F87E9AF-FC53-4436-8463-9F8EDA977BBF}
	EndGlobalSection
EndGlobal
