
Microsoft Visual Studio Solution File, Format Version 12.00
# Visual Studio Version 16
VisualStudioVersion = 16.0.31424.327
MinimumVisualStudioVersion = 10.0.40219.1
Project("{2150E333-8FDC-42A3-9474-1A3956D46DE8}") = "tests", "tests", "{6CBFB403-F7E5-4782-A83C-A91651A55657}"
EndProject
Project("{2150E333-8FDC-42A3-9474-1A3956D46DE8}") = "src", "src", "{EB8FE7E2-E69F-4F4B-81AD-73D83ED49BF9}"
EndProject
Project("{9A19103F-16F7-4668-BE54-9A1E7A4F7556}") = "RoadStatus.Console", "src\RoadStatus.Console\RoadStatus.Console.csproj", "{CF10D12A-31E8-49E3-B78A-5058037ADAE1}"
EndProject
Project("{2150E333-8FDC-42A3-9474-1A3956D46DE8}") = "RoadStatus.Console", "RoadStatus.Console", "{DE4FD2A5-C2ED-4666-9C66-0CC8941115C0}"
EndProject
Project("{9A19103F-16F7-4668-BE54-9A1E7A4F7556}") = "RoadStatus.Service", "src\RoadStatus.Service\RoadStatus.Service.csproj", "{28D4C70C-5708-4ED3-8A6B-1D43AEEC365F}"
EndProject
Project("{2150E333-8FDC-42A3-9474-1A3956D46DE8}") = "RoadStatus.Service", "RoadStatus.Service", "{5DC4F11C-C38C-48D0-85B4-DCBFD49D5DFF}"
EndProject
Project("{9A19103F-16F7-4668-BE54-9A1E7A4F7556}") = "RoadStatus.Data", "src\RoadStatus.Data\RoadStatus.Data.csproj", "{546F3C07-63FB-48BE-A913-185C5BF76813}"
EndProject
Project("{2150E333-8FDC-42A3-9474-1A3956D46DE8}") = "RoadStatus.Data", "RoadStatus.Data", "{F7241821-A2B5-4696-AE6A-C0B43695B4ED}"
EndProject
Project("{2150E333-8FDC-42A3-9474-1A3956D46DE8}") = "RoadStatus.UnitTests", "RoadStatus.UnitTests", "{AB9FE900-C6A6-4E1D-A76B-E030E0EABF28}"
EndProject
Project("{2150E333-8FDC-42A3-9474-1A3956D46DE8}") = "RoadStatus.EndToEndTests", "RoadStatus.EndToEndTests", "{87AF023A-90CC-463D-904C-E5A8F0776ECA}"
EndProject
Project("{9A19103F-16F7-4668-BE54-9A1E7A4F7556}") = "RoadStatus.EndToEndTests", "tests\RoadStatus.EndToEndTests\RoadStatus.EndToEndTests.csproj", "{6C49446D-AD8C-4DA2-82CF-EBD022A6AA25}"
EndProject
Project("{9A19103F-16F7-4668-BE54-9A1E7A4F7556}") = "RoadStatus.UnitTests", "tests\RoadStatus.UnitTests\RoadStatus.UnitTests.csproj", "{A81FFEBA-C5B9-42EB-B09A-E3E58E06E344}"
EndProject
Global
	GlobalSection(SolutionConfigurationPlatforms) = preSolution
		Debug|Any CPU = Debug|Any CPU
		Release|Any CPU = Release|Any CPU
	EndGlobalSection
	GlobalSection(ProjectConfigurationPlatforms) = postSolution
		{CF10D12A-31E8-49E3-B78A-5058037ADAE1}.Debug|Any CPU.ActiveCfg = Debug|Any CPU
		{CF10D12A-31E8-49E3-B78A-5058037ADAE1}.Debug|Any CPU.Build.0 = Debug|Any CPU
		{CF10D12A-31E8-49E3-B78A-5058037ADAE1}.Release|Any CPU.ActiveCfg = Release|Any CPU
		{CF10D12A-31E8-49E3-B78A-5058037ADAE1}.Release|Any CPU.Build.0 = Release|Any CPU
		{28D4C70C-5708-4ED3-8A6B-1D43AEEC365F}.Debug|Any CPU.ActiveCfg = Debug|Any CPU
		{28D4C70C-5708-4ED3-8A6B-1D43AEEC365F}.Debug|Any CPU.Build.0 = Debug|Any CPU
		{28D4C70C-5708-4ED3-8A6B-1D43AEEC365F}.Release|Any CPU.ActiveCfg = Release|Any CPU
		{28D4C70C-5708-4ED3-8A6B-1D43AEEC365F}.Release|Any CPU.Build.0 = Release|Any CPU
		{546F3C07-63FB-48BE-A913-185C5BF76813}.Debug|Any CPU.ActiveCfg = Debug|Any CPU
		{546F3C07-63FB-48BE-A913-185C5BF76813}.Debug|Any CPU.Build.0 = Debug|Any CPU
		{546F3C07-63FB-48BE-A913-185C5BF76813}.Release|Any CPU.ActiveCfg = Release|Any CPU
		{546F3C07-63FB-48BE-A913-185C5BF76813}.Release|Any CPU.Build.0 = Release|Any CPU
		{6C49446D-AD8C-4DA2-82CF-EBD022A6AA25}.Debug|Any CPU.ActiveCfg = Debug|Any CPU
		{6C49446D-AD8C-4DA2-82CF-EBD022A6AA25}.Debug|Any CPU.Build.0 = Debug|Any CPU
		{6C49446D-AD8C-4DA2-82CF-EBD022A6AA25}.Release|Any CPU.ActiveCfg = Release|Any CPU
		{6C49446D-AD8C-4DA2-82CF-EBD022A6AA25}.Release|Any CPU.Build.0 = Release|Any CPU
		{A81FFEBA-C5B9-42EB-B09A-E3E58E06E344}.Debug|Any CPU.ActiveCfg = Debug|Any CPU
		{A81FFEBA-C5B9-42EB-B09A-E3E58E06E344}.Debug|Any CPU.Build.0 = Debug|Any CPU
		{A81FFEBA-C5B9-42EB-B09A-E3E58E06E344}.Release|Any CPU.ActiveCfg = Release|Any CPU
		{A81FFEBA-C5B9-42EB-B09A-E3E58E06E344}.Release|Any CPU.Build.0 = Release|Any CPU
	EndGlobalSection
	GlobalSection(SolutionProperties) = preSolution
		HideSolutionNode = FALSE
	EndGlobalSection
	GlobalSection(NestedProjects) = preSolution
		{CF10D12A-31E8-49E3-B78A-5058037ADAE1} = {DE4FD2A5-C2ED-4666-9C66-0CC8941115C0}
		{DE4FD2A5-C2ED-4666-9C66-0CC8941115C0} = {EB8FE7E2-E69F-4F4B-81AD-73D83ED49BF9}
		{28D4C70C-5708-4ED3-8A6B-1D43AEEC365F} = {5DC4F11C-C38C-48D0-85B4-DCBFD49D5DFF}
		{5DC4F11C-C38C-48D0-85B4-DCBFD49D5DFF} = {EB8FE7E2-E69F-4F4B-81AD-73D83ED49BF9}
		{546F3C07-63FB-48BE-A913-185C5BF76813} = {F7241821-A2B5-4696-AE6A-C0B43695B4ED}
		{F7241821-A2B5-4696-AE6A-C0B43695B4ED} = {EB8FE7E2-E69F-4F4B-81AD-73D83ED49BF9}
		{AB9FE900-C6A6-4E1D-A76B-E030E0EABF28} = {6CBFB403-F7E5-4782-A83C-A91651A55657}
		{87AF023A-90CC-463D-904C-E5A8F0776ECA} = {6CBFB403-F7E5-4782-A83C-A91651A55657}
		{6C49446D-AD8C-4DA2-82CF-EBD022A6AA25} = {87AF023A-90CC-463D-904C-E5A8F0776ECA}
		{A81FFEBA-C5B9-42EB-B09A-E3E58E06E344} = {AB9FE900-C6A6-4E1D-A76B-E030E0EABF28}
	EndGlobalSection
	GlobalSection(ExtensibilityGlobals) = postSolution
		SolutionGuid = {5F87E9AF-FC53-4436-8463-9F8EDA977BBF}
	EndGlobalSection
EndGlobal
